
Microsoft Visual Studio Solution File, Format Version 12.00
# Visual Studio Version 16
VisualStudioVersion = 16.0.33927.289
MinimumVisualStudioVersion = 10.0.40219.1
Project("{FAE04EC0-301F-11D3-BF4B-00C04F79EFBC}") = "WebApplication2", "WebApplication2\WebApplication2.csproj", "{AEAC6DDF-1E42-4DB9-819A-1CDD7249ACA2}"
EndProject
Global
	GlobalSection(SolutionConfigurationPlatforms) = preSolution
		Debug|Any CPU = Debug|Any CPU
		Release|Any CPU = Release|Any CPU
	EndGlobalSection
	GlobalSection(ProjectConfigurationPlatforms) = postSolution
		{AEAC6DDF-1E42-4DB9-819A-1CDD7249ACA2}.Debug|Any CPU.ActiveCfg = Debug|Any CPU
		{AEAC6DDF-1E42-4DB9-819A-1CDD7249ACA2}.Debug|Any CPU.Build.0 = Debug|Any CPU
		{AEAC6DDF-1E42-4DB9-819A-1CDD7249ACA2}.Release|Any CPU.ActiveCfg = Release|Any CPU
		{AEAC6DDF-1E42-4DB9-819A-1CDD7249ACA2}.Release|Any CPU.Build.0 = Release|Any CPU
	EndGlobalSection
	GlobalSection(SolutionProperties) = preSolution
		HideSolutionNode = FALSE
	EndGlobalSection
	GlobalSection(ExtensibilityGlobals) = postSolution
		SolutionGuid = {E668CD0F-0339-44E4-A1F2-89F8C93A0209}
	EndGlobalSection
EndGlobal
